
Microsoft Visual Studio Solution File, Format Version 12.00
# Visual Studio Version 16
VisualStudioVersion = 16.0.28803.352
MinimumVisualStudioVersion = 15.0.26124.0
Project("{9A19103F-16F7-4668-BE54-9A1E7A4F7556}") = "Nullforce.Api.Derpibooru", "src\Nullforce.Api.Derpibooru.csproj", "{AE447345-011F-490B-8E3C-0F284F265BE0}"
EndProject
Project("{9A19103F-16F7-4668-BE54-9A1E7A4F7556}") = "Nullforce.Api.Derpibooru.Tests", "tests\Nullforce.Api.Derpibooru.Tests\Nullforce.Api.Derpibooru.Tests.csproj", "{0B11D142-0D5F-4BE3-9012-0AFCB529692B}"
EndProject
Project("{2150E333-8FDC-42A3-9474-1A3956D46DE8}") = "Solution Items", "Solution Items", "{364C411E-10E3-4801-996D-CB46645C7B55}"
	ProjectSection(SolutionItems) = preProject
		.editorconfig = .editorconfig
	EndProjectSection
EndProject
Global
	GlobalSection(SolutionConfigurationPlatforms) = preSolution
		Debug|Any CPU = Debug|Any CPU
		Debug|x64 = Debug|x64
		Debug|x86 = Debug|x86
		Release|Any CPU = Release|Any CPU
		Release|x64 = Release|x64
		Release|x86 = Release|x86
	EndGlobalSection
	GlobalSection(ProjectConfigurationPlatforms) = postSolution
		{AE447345-011F-490B-8E3C-0F284F265BE0}.Debug|Any CPU.ActiveCfg = Debug|Any CPU
		{AE447345-011F-490B-8E3C-0F284F265BE0}.Debug|Any CPU.Build.0 = Debug|Any CPU
		{AE447345-011F-490B-8E3C-0F284F265BE0}.Debug|x64.ActiveCfg = Debug|Any CPU
		{AE447345-011F-490B-8E3C-0F284F265BE0}.Debug|x64.Build.0 = Debug|Any CPU
		{AE447345-011F-490B-8E3C-0F284F265BE0}.Debug|x86.ActiveCfg = Debug|Any CPU
		{AE447345-011F-490B-8E3C-0F284F265BE0}.Debug|x86.Build.0 = Debug|Any CPU
		{AE447345-011F-490B-8E3C-0F284F265BE0}.Release|Any CPU.ActiveCfg = Release|Any CPU
		{AE447345-011F-490B-8E3C-0F284F265BE0}.Release|Any CPU.Build.0 = Release|Any CPU
		{AE447345-011F-490B-8E3C-0F284F265BE0}.Release|x64.ActiveCfg = Release|Any CPU
		{AE447345-011F-490B-8E3C-0F284F265BE0}.Release|x64.Build.0 = Release|Any CPU
		{AE447345-011F-490B-8E3C-0F284F265BE0}.Release|x86.ActiveCfg = Release|Any CPU
		{AE447345-011F-490B-8E3C-0F284F265BE0}.Release|x86.Build.0 = Release|Any CPU
		{0B11D142-0D5F-4BE3-9012-0AFCB529692B}.Debug|Any CPU.ActiveCfg = Debug|Any CPU
		{0B11D142-0D5F-4BE3-9012-0AFCB529692B}.Debug|Any CPU.Build.0 = Debug|Any CPU
		{0B11D142-0D5F-4BE3-9012-0AFCB529692B}.Debug|x64.ActiveCfg = Debug|Any CPU
		{0B11D142-0D5F-4BE3-9012-0AFCB529692B}.Debug|x64.Build.0 = Debug|Any CPU
		{0B11D142-0D5F-4BE3-9012-0AFCB529692B}.Debug|x86.ActiveCfg = Debug|Any CPU
		{0B11D142-0D5F-4BE3-9012-0AFCB529692B}.Debug|x86.Build.0 = Debug|Any CPU
		{0B11D142-0D5F-4BE3-9012-0AFCB529692B}.Release|Any CPU.ActiveCfg = Release|Any CPU
		{0B11D142-0D5F-4BE3-9012-0AFCB529692B}.Release|Any CPU.Build.0 = Release|Any CPU
		{0B11D142-0D5F-4BE3-9012-0AFCB529692B}.Release|x64.ActiveCfg = Release|Any CPU
		{0B11D142-0D5F-4BE3-9012-0AFCB529692B}.Release|x64.Build.0 = Release|Any CPU
		{0B11D142-0D5F-4BE3-9012-0AFCB529692B}.Release|x86.ActiveCfg = Release|Any CPU
		{0B11D142-0D5F-4BE3-9012-0AFCB529692B}.Release|x86.Build.0 = Release|Any CPU
	EndGlobalSection
	GlobalSection(SolutionProperties) = preSolution
		HideSolutionNode = FALSE
	EndGlobalSection
	GlobalSection(ExtensibilityGlobals) = postSolution
		SolutionGuid = {4D22444E-C1FC-45FE-A0B7-8B2746014C79}
	EndGlobalSection
EndGlobal
